
Microsoft Visual Studio Solution File, Format Version 12.00
Project("{FAE04EC0-301F-11D3-BF4B-00C04F79EFBC}") = "Phoenicia", "Phoenicia\Phoenicia.csproj", "{C3790CEF-5479-402F-9082-F563C87EEC5B}"
EndProject
Project("{FAE04EC0-301F-11D3-BF4B-00C04F79EFBC}") = "Phoenicia.Test", "Phoenicia.Test\Phoenicia.Test.csproj", "{5B073002-97F2-4CF5-AB4A-0880E46F7758}"
EndProject
Global
	GlobalSection(SolutionConfigurationPlatforms) = preSolution
		Debug|Any CPU = Debug|Any CPU
		Release|Any CPU = Release|Any CPU
	EndGlobalSection
	GlobalSection(ProjectConfigurationPlatforms) = postSolution
		{C3790CEF-5479-402F-9082-F563C87EEC5B}.Debug|Any CPU.ActiveCfg = Debug|Any CPU
		{C3790CEF-5479-402F-9082-F563C87EEC5B}.Debug|Any CPU.Build.0 = Debug|Any CPU
		{C3790CEF-5479-402F-9082-F563C87EEC5B}.Release|Any CPU.ActiveCfg = Release|Any CPU
		{C3790CEF-5479-402F-9082-F563C87EEC5B}.Release|Any CPU.Build.0 = Release|Any CPU
		{5B073002-97F2-4CF5-AB4A-0880E46F7758}.Debug|Any CPU.ActiveCfg = Debug|Any CPU
		{5B073002-97F2-4CF5-AB4A-0880E46F7758}.Debug|Any CPU.Build.0 = Debug|Any CPU
		{5B073002-97F2-4CF5-AB4A-0880E46F7758}.Release|Any CPU.ActiveCfg = Release|Any CPU
		{5B073002-97F2-4CF5-AB4A-0880E46F7758}.Release|Any CPU.Build.0 = Release|Any CPU
	EndGlobalSection
EndGlobal
